// !$*UTF8*$!
{
	archiveVersion = 1;
	classes = {
	};
	objectVersion = 46;
	objects = {

/* Begin PBXBuildFile section */
		1853D4EB1C8FA28B003DC288 /* AppDelegate.swift in Sources */ = {isa = PBXBuildFile; fileRef = 1853D4EA1C8FA28B003DC288 /* AppDelegate.swift */; };
		1853D4ED1C8FA28B003DC288 /* ViewController.swift in Sources */ = {isa = PBXBuildFile; fileRef = 1853D4EC1C8FA28B003DC288 /* ViewController.swift */; };
		1853D4F01C8FA28B003DC288 /* Main.storyboard in Resources */ = {isa = PBXBuildFile; fileRef = 1853D4EE1C8FA28B003DC288 /* Main.storyboard */; };
		1853D4F21C8FA28B003DC288 /* Assets.xcassets in Resources */ = {isa = PBXBuildFile; fileRef = 1853D4F11C8FA28B003DC288 /* Assets.xcassets */; };
		1853D4F51C8FA28B003DC288 /* LaunchScreen.storyboard in Resources */ = {isa = PBXBuildFile; fileRef = 1853D4F31C8FA28B003DC288 /* LaunchScreen.storyboard */; };
		1853D5001C8FA28B003DC288 /* SwiftDesignPatternDemoTests.swift in Sources */ = {isa = PBXBuildFile; fileRef = 1853D4FF1C8FA28B003DC288 /* SwiftDesignPatternDemoTests.swift */; };
		1853D50B1C8FA28B003DC288 /* SwiftDesignPatternDemoUITests.swift in Sources */ = {isa = PBXBuildFile; fileRef = 1853D50A1C8FA28B003DC288 /* SwiftDesignPatternDemoUITests.swift */; };
		1853D5191C8FA527003DC288 /* HTTPClient.swift in Sources */ = {isa = PBXBuildFile; fileRef = 1853D5181C8FA527003DC288 /* HTTPClient.swift */; };
		1853D51B1C8FA59A003DC288 /* Album.swift in Sources */ = {isa = PBXBuildFile; fileRef = 1853D51A1C8FA59A003DC288 /* Album.swift */; };
		1853D51D1C8FA6B4003DC288 /* AlbumView.swift in Sources */ = {isa = PBXBuildFile; fileRef = 1853D51C1C8FA6B4003DC288 /* AlbumView.swift */; };
		1853D5231C8FA9A5003DC288 /* LibraryAPI.swift in Sources */ = {isa = PBXBuildFile; fileRef = 1853D5221C8FA9A5003DC288 /* LibraryAPI.swift */; };
		1853D5251C8FAA97003DC288 /* PersistencyManager.swift in Sources */ = {isa = PBXBuildFile; fileRef = 1853D5241C8FAA97003DC288 /* PersistencyManager.swift */; };
		1853D5271C8FB343003DC288 /* AlbumExtensions.swift in Sources */ = {isa = PBXBuildFile; fileRef = 1853D5261C8FB343003DC288 /* AlbumExtensions.swift */; };
		1853D5291C8FBA0E003DC288 /* HorizontalScroller.swift in Sources */ = {isa = PBXBuildFile; fileRef = 1853D5281C8FBA0E003DC288 /* HorizontalScroller.swift */; };
/* End PBXBuildFile section */

/* Begin PBXContainerItemProxy section */
		1853D4FC1C8FA28B003DC288 /* PBXContainerItemProxy */ = {
			isa = PBXContainerItemProxy;
			containerPortal = 1853D4DF1C8FA28B003DC288 /* Project object */;
			proxyType = 1;
			remoteGlobalIDString = 1853D4E61C8FA28B003DC288;
			remoteInfo = SwiftDesignPatternDemo;
		};
		1853D5071C8FA28B003DC288 /* PBXContainerItemProxy */ = {
			isa = PBXContainerItemProxy;
			containerPortal = 1853D4DF1C8FA28B003DC288 /* Project object */;
			proxyType = 1;
			remoteGlobalIDString = 1853D4E61C8FA28B003DC288;
			remoteInfo = SwiftDesignPatternDemo;
		};
/* End PBXContainerItemProxy section */

/* Begin PBXFileReference section */
		1853D4E71C8FA28B003DC288 /* SwiftDesignPatternDemo.app */ = {isa = PBXFileReference; explicitFileType = wrapper.application; includeInIndex = 0; path = SwiftDesignPatternDemo.app; sourceTree = BUILT_PRODUCTS_DIR; };
		1853D4EA1C8FA28B003DC288 /* AppDelegate.swift */ = {isa = PBXFileReference; lastKnownFileType = sourcecode.swift; path = AppDelegate.swift; sourceTree = "<group>"; };
		1853D4EC1C8FA28B003DC288 /* ViewController.swift */ = {isa = PBXFileReference; lastKnownFileType = sourcecode.swift; path = ViewController.swift; sourceTree = "<group>"; };
		1853D4EF1C8FA28B003DC288 /* Base */ = {isa = PBXFileReference; lastKnownFileType = file.storyboard; name = Base; path = Base.lproj/Main.storyboard; sourceTree = "<group>"; };
		1853D4F11C8FA28B003DC288 /* Assets.xcassets */ = {isa = PBXFileReference; lastKnownFileType = folder.assetcatalog; path = Assets.xcassets; sourceTree = "<group>"; };
		1853D4F41C8FA28B003DC288 /* Base */ = {isa = PBXFileReference; lastKnownFileType = file.storyboard; name = Base; path = Base.lproj/LaunchScreen.storyboard; sourceTree = "<group>"; };
		1853D4F61C8FA28B003DC288 /* Info.plist */ = {isa = PBXFileReference; lastKnownFileType = text.plist.xml; path = Info.plist; sourceTree = "<group>"; };
		1853D4FB1C8FA28B003DC288 /* SwiftDesignPatternDemoTests.xctest */ = {isa = PBXFileReference; explicitFileType = wrapper.cfbundle; includeInIndex = 0; path = SwiftDesignPatternDemoTests.xctest; sourceTree = BUILT_PRODUCTS_DIR; };
		1853D4FF1C8FA28B003DC288 /* SwiftDesignPatternDemoTests.swift */ = {isa = PBXFileReference; lastKnownFileType = sourcecode.swift; path = SwiftDesignPatternDemoTests.swift; sourceTree = "<group>"; };
		1853D5011C8FA28B003DC288 /* Info.plist */ = {isa = PBXFileReference; lastKnownFileType = text.plist.xml; path = Info.plist; sourceTree = "<group>"; };
		1853D5061C8FA28B003DC288 /* SwiftDesignPatternDemoUITests.xctest */ = {isa = PBXFileReference; explicitFileType = wrapper.cfbundle; includeInIndex = 0; path = SwiftDesignPatternDemoUITests.xctest; sourceTree = BUILT_PRODUCTS_DIR; };
		1853D50A1C8FA28B003DC288 /* SwiftDesignPatternDemoUITests.swift */ = {isa = PBXFileReference; lastKnownFileType = sourcecode.swift; path = SwiftDesignPatternDemoUITests.swift; sourceTree = "<group>"; };
		1853D50C1C8FA28B003DC288 /* Info.plist */ = {isa = PBXFileReference; lastKnownFileType = text.plist.xml; path = Info.plist; sourceTree = "<group>"; };
		1853D5181C8FA527003DC288 /* HTTPClient.swift */ = {isa = PBXFileReference; fileEncoding = 4; lastKnownFileType = sourcecode.swift; path = HTTPClient.swift; sourceTree = "<group>"; };
		1853D51A1C8FA59A003DC288 /* Album.swift */ = {isa = PBXFileReference; fileEncoding = 4; lastKnownFileType = sourcecode.swift; path = Album.swift; sourceTree = "<group>"; };
		1853D51C1C8FA6B4003DC288 /* AlbumView.swift */ = {isa = PBXFileReference; fileEncoding = 4; lastKnownFileType = sourcecode.swift; path = AlbumView.swift; sourceTree = "<group>"; };
		1853D5221C8FA9A5003DC288 /* LibraryAPI.swift */ = {isa = PBXFileReference; fileEncoding = 4; lastKnownFileType = sourcecode.swift; path = LibraryAPI.swift; sourceTree = "<group>"; };
		1853D5241C8FAA97003DC288 /* PersistencyManager.swift */ = {isa = PBXFileReference; fileEncoding = 4; lastKnownFileType = sourcecode.swift; path = PersistencyManager.swift; sourceTree = "<group>"; };
		1853D5261C8FB343003DC288 /* AlbumExtensions.swift */ = {isa = PBXFileReference; fileEncoding = 4; lastKnownFileType = sourcecode.swift; path = AlbumExtensions.swift; sourceTree = "<group>"; };
		1853D5281C8FBA0E003DC288 /* HorizontalScroller.swift */ = {isa = PBXFileReference; fileEncoding = 4; lastKnownFileType = sourcecode.swift; path = HorizontalScroller.swift; sourceTree = "<group>"; };
/* End PBXFileReference section */

/* Begin PBXFrameworksBuildPhase section */
		1853D4E41C8FA28B003DC288 /* Frameworks */ = {
			isa = PBXFrameworksBuildPhase;
			buildActionMask = 2147483647;
			files = (
			);
			runOnlyForDeploymentPostprocessing = 0;
		};
		1853D4F81C8FA28B003DC288 /* Frameworks */ = {
			isa = PBXFrameworksBuildPhase;
			buildActionMask = 2147483647;
			files = (
			);
			runOnlyForDeploymentPostprocessing = 0;
		};
		1853D5031C8FA28B003DC288 /* Frameworks */ = {
			isa = PBXFrameworksBuildPhase;
			buildActionMask = 2147483647;
			files = (
			);
			runOnlyForDeploymentPostprocessing = 0;
		};
/* End PBXFrameworksBuildPhase section */

/* Begin PBXGroup section */
		1853D4DE1C8FA28B003DC288 = {
			isa = PBXGroup;
			children = (
				1853D4E91C8FA28B003DC288 /* SwiftDesignPatternDemo */,
				1853D4FE1C8FA28B003DC288 /* SwiftDesignPatternDemoTests */,
				1853D5091C8FA28B003DC288 /* SwiftDesignPatternDemoUITests */,
				1853D4E81C8FA28B003DC288 /* Products */,
			);
			sourceTree = "<group>";
		};
		1853D4E81C8FA28B003DC288 /* Products */ = {
			isa = PBXGroup;
			children = (
				1853D4E71C8FA28B003DC288 /* SwiftDesignPatternDemo.app */,
				1853D4FB1C8FA28B003DC288 /* SwiftDesignPatternDemoTests.xctest */,
				1853D5061C8FA28B003DC288 /* SwiftDesignPatternDemoUITests.xctest */,
			);
			name = Products;
			sourceTree = "<group>";
		};
		1853D4E91C8FA28B003DC288 /* SwiftDesignPatternDemo */ = {
			isa = PBXGroup;
			children = (
				1853D4EA1C8FA28B003DC288 /* AppDelegate.swift */,
				1853D51E1C8FA859003DC288 /* API */,
				1853D51F1C8FA860003DC288 /* Model */,
				1853D5201C8FA867003DC288 /* View */,
				1853D5211C8FA86D003DC288 /* Controller */,
				1853D4EE1C8FA28B003DC288 /* Main.storyboard */,
				1853D4F11C8FA28B003DC288 /* Assets.xcassets */,
				1853D4F31C8FA28B003DC288 /* LaunchScreen.storyboard */,
				1853D4F61C8FA28B003DC288 /* Info.plist */,
			);
			path = SwiftDesignPatternDemo;
			sourceTree = "<group>";
		};
		1853D4FE1C8FA28B003DC288 /* SwiftDesignPatternDemoTests */ = {
			isa = PBXGroup;
			children = (
				1853D4FF1C8FA28B003DC288 /* SwiftDesignPatternDemoTests.swift */,
				1853D5011C8FA28B003DC288 /* Info.plist */,
			);
			path = SwiftDesignPatternDemoTests;
			sourceTree = "<group>";
		};
		1853D5091C8FA28B003DC288 /* SwiftDesignPatternDemoUITests */ = {
			isa = PBXGroup;
			children = (
				1853D50A1C8FA28B003DC288 /* SwiftDesignPatternDemoUITests.swift */,
				1853D50C1C8FA28B003DC288 /* Info.plist */,
			);
			path = SwiftDesignPatternDemoUITests;
			sourceTree = "<group>";
		};
		1853D51E1C8FA859003DC288 /* API */ = {
			isa = PBXGroup;
			children = (
				1853D5181C8FA527003DC288 /* HTTPClient.swift */,
				1853D5221C8FA9A5003DC288 /* LibraryAPI.swift */,
				1853D5241C8FAA97003DC288 /* PersistencyManager.swift */,
				1853D5261C8FB343003DC288 /* AlbumExtensions.swift */,
			);
			name = API;
			sourceTree = "<group>";
		};
		1853D51F1C8FA860003DC288 /* Model */ = {
			isa = PBXGroup;
			children = (
				1853D51A1C8FA59A003DC288 /* Album.swift */,
			);
			name = Model;
			sourceTree = "<group>";
		};
		1853D5201C8FA867003DC288 /* View */ = {
			isa = PBXGroup;
			children = (
				1853D51C1C8FA6B4003DC288 /* AlbumView.swift */,
				1853D5281C8FBA0E003DC288 /* HorizontalScroller.swift */,
			);
			name = View;
			sourceTree = "<group>";
		};
		1853D5211C8FA86D003DC288 /* Controller */ = {
			isa = PBXGroup;
			children = (
				1853D4EC1C8FA28B003DC288 /* ViewController.swift */,
			);
			name = Controller;
			sourceTree = "<group>";
		};
/* End PBXGroup section */

/* Begin PBXNativeTarget section */
		1853D4E61C8FA28B003DC288 /* SwiftDesignPatternDemo */ = {
			isa = PBXNativeTarget;
			buildConfigurationList = 1853D50F1C8FA28B003DC288 /* Build configuration list for PBXNativeTarget "SwiftDesignPatternDemo" */;
			buildPhases = (
				1853D4E31C8FA28B003DC288 /* Sources */,
				1853D4E41C8FA28B003DC288 /* Frameworks */,
				1853D4E51C8FA28B003DC288 /* Resources */,
			);
			buildRules = (
			);
			dependencies = (
			);
			name = SwiftDesignPatternDemo;
			productName = SwiftDesignPatternDemo;
			productReference = 1853D4E71C8FA28B003DC288 /* SwiftDesignPatternDemo.app */;
			productType = "com.apple.product-type.application";
		};
		1853D4FA1C8FA28B003DC288 /* SwiftDesignPatternDemoTests */ = {
			isa = PBXNativeTarget;
			buildConfigurationList = 1853D5121C8FA28B003DC288 /* Build configuration list for PBXNativeTarget "SwiftDesignPatternDemoTests" */;
			buildPhases = (
				1853D4F71C8FA28B003DC288 /* Sources */,
				1853D4F81C8FA28B003DC288 /* Frameworks */,
				1853D4F91C8FA28B003DC288 /* Resources */,
			);
			buildRules = (
			);
			dependencies = (
				1853D4FD1C8FA28B003DC288 /* PBXTargetDependency */,
			);
			name = SwiftDesignPatternDemoTests;
			productName = SwiftDesignPatternDemoTests;
			productReference = 1853D4FB1C8FA28B003DC288 /* SwiftDesignPatternDemoTests.xctest */;
			productType = "com.apple.product-type.bundle.unit-test";
		};
		1853D5051C8FA28B003DC288 /* SwiftDesignPatternDemoUITests */ = {
			isa = PBXNativeTarget;
			buildConfigurationList = 1853D5151C8FA28B003DC288 /* Build configuration list for PBXNativeTarget "SwiftDesignPatternDemoUITests" */;
			buildPhases = (
				1853D5021C8FA28B003DC288 /* Sources */,
				1853D5031C8FA28B003DC288 /* Frameworks */,
				1853D5041C8FA28B003DC288 /* Resources */,
			);
			buildRules = (
			);
			dependencies = (
				1853D5081C8FA28B003DC288 /* PBXTargetDependency */,
			);
			name = SwiftDesignPatternDemoUITests;
			productName = SwiftDesignPatternDemoUITests;
			productReference = 1853D5061C8FA28B003DC288 /* SwiftDesignPatternDemoUITests.xctest */;
			productType = "com.apple.product-type.bundle.ui-testing";
		};
/* End PBXNativeTarget section */

/* Begin PBXProject section */
		1853D4DF1C8FA28B003DC288 /* Project object */ = {
			isa = PBXProject;
			attributes = {
				LastSwiftUpdateCheck = 0720;
				LastUpgradeCheck = 0720;
				ORGANIZATIONNAME = XiaoHuang;
				TargetAttributes = {
					1853D4E61C8FA28B003DC288 = {
						CreatedOnToolsVersion = 7.2.1;
					};
					1853D4FA1C8FA28B003DC288 = {
						CreatedOnToolsVersion = 7.2.1;
						TestTargetID = 1853D4E61C8FA28B003DC288;
					};
					1853D5051C8FA28B003DC288 = {
						CreatedOnToolsVersion = 7.2.1;
						TestTargetID = 1853D4E61C8FA28B003DC288;
					};
				};
			};
			buildConfigurationList = 1853D4E21C8FA28B003DC288 /* Build configuration list for PBXProject "SwiftDesignPatternDemo" */;
			compatibilityVersion = "Xcode 3.2";
			developmentRegion = English;
			hasScannedForEncodings = 0;
			knownRegions = (
				en,
				Base,
			);
			mainGroup = 1853D4DE1C8FA28B003DC288;
			productRefGroup = 1853D4E81C8FA28B003DC288 /* Products */;
			projectDirPath = "";
			projectRoot = "";
			targets = (
				1853D4E61C8FA28B003DC288 /* SwiftDesignPatternDemo */,
				1853D4FA1C8FA28B003DC288 /* SwiftDesignPatternDemoTests */,
				1853D5051C8FA28B003DC288 /* SwiftDesignPatternDemoUITests */,
			);
		};
/* End PBXProject section */

/* Begin PBXResourcesBuildPhase section */
		1853D4E51C8FA28B003DC288 /* Resources */ = {
			isa = PBXResourcesBuildPhase;
			buildActionMask = 2147483647;
			files = (
				1853D4F51C8FA28B003DC288 /* LaunchScreen.storyboard in Resources */,
				1853D4F21C8FA28B003DC288 /* Assets.xcassets in Resources */,
				1853D4F01C8FA28B003DC288 /* Main.storyboard in Resources */,
			);
			runOnlyForDeploymentPostprocessing = 0;
		};
		1853D4F91C8FA28B003DC288 /* Resources */ = {
			isa = PBXResourcesBuildPhase;
			buildActionMask = 2147483647;
			files = (
			);
			runOnlyForDeploymentPostprocessing = 0;
		};
		1853D5041C8FA28B003DC288 /* Resources */ = {
			isa = PBXResourcesBuildPhase;
			buildActionMask = 2147483647;
			files = (
			);
			runOnlyForDeploymentPostprocessing = 0;
		};
/* End PBXResourcesBuildPhase section */

/* Begin PBXSourcesBuildPhase section */
		1853D4E31C8FA28B003DC288 /* Sources */ = {
			isa = PBXSourcesBuildPhase;
			buildActionMask = 2147483647;
			files = (
				1853D4ED1C8FA28B003DC288 /* ViewController.swift in Sources */,
				1853D5271C8FB343003DC288 /* AlbumExtensions.swift in Sources */,
				1853D4EB1C8FA28B003DC288 /* AppDelegate.swift in Sources */,
				1853D5231C8FA9A5003DC288 /* LibraryAPI.swift in Sources */,
				1853D5291C8FBA0E003DC288 /* HorizontalScroller.swift in Sources */,
				1853D5191C8FA527003DC288 /* HTTPClient.swift in Sources */,
				1853D51D1C8FA6B4003DC288 /* AlbumView.swift in Sources */,
				1853D51B1C8FA59A003DC288 /* Album.swift in Sources */,
				1853D5251C8FAA97003DC288 /* PersistencyManager.swift in Sources */,
			);
			runOnlyForDeploymentPostprocessing = 0;
		};
		1853D4F71C8FA28B003DC288 /* Sources */ = {
			isa = PBXSourcesBuildPhase;
			buildActionMask = 2147483647;
			files = (
				1853D5001C8FA28B003DC288 /* SwiftDesignPatternDemoTests.swift in Sources */,
			);
			runOnlyForDeploymentPostprocessing = 0;
		};
		1853D5021C8FA28B003DC288 /* Sources */ = {
			isa = PBXSourcesBuildPhase;
			buildActionMask = 2147483647;
			files = (
				1853D50B1C8FA28B003DC288 /* SwiftDesignPatternDemoUITests.swift in Sources */,
			);
			runOnlyForDeploymentPostprocessing = 0;
		};
/* End PBXSourcesBuildPhase section */

/* Begin PBXTargetDependency section */
		1853D4FD1C8FA28B003DC288 /* PBXTargetDependency */ = {
			isa = PBXTargetDependency;
			target = 1853D4E61C8FA28B003DC288 /* SwiftDesignPatternDemo */;
			targetProxy = 1853D4FC1C8FA28B003DC288 /* PBXContainerItemProxy */;
		};
		1853D5081C8FA28B003DC288 /* PBXTargetDependency */ = {
			isa = PBXTargetDependency;
			target = 1853D4E61C8FA28B003DC288 /* SwiftDesignPatternDemo */;
			targetProxy = 1853D5071C8FA28B003DC288 /* PBXContainerItemProxy */;
		};
/* End PBXTargetDependency section */

/* Begin PBXVariantGroup section */
		1853D4EE1C8FA28B003DC288 /* Main.storyboard */ = {
			isa = PBXVariantGroup;
			children = (
				1853D4EF1C8FA28B003DC288 /* Base */,
			);
			name = Main.storyboard;
			sourceTree = "<group>";
		};
		1853D4F31C8FA28B003DC288 /* LaunchScreen.storyboard */ = {
			isa = PBXVariantGroup;
			children = (
				1853D4F41C8FA28B003DC288 /* Base */,
			);
			name = LaunchScreen.storyboard;
			sourceTree = "<group>";
		};
/* End PBXVariantGroup section */

/* Begin XCBuildConfiguration section */
		1853D50D1C8FA28B003DC288 /* Debug */ = {
			isa = XCBuildConfiguration;
			buildSettings = {
				ALWAYS_SEARCH_USER_PATHS = NO;
				CLANG_CXX_LANGUAGE_STANDARD = "gnu++0x";
				CLANG_CXX_LIBRARY = "libc++";
				CLANG_ENABLE_MODULES = YES;
				CLANG_ENABLE_OBJC_ARC = YES;
				CLANG_WARN_BOOL_CONVERSION = YES;
				CLANG_WARN_CONSTANT_CONVERSION = YES;
				CLANG_WARN_DIRECT_OBJC_ISA_USAGE = YES_ERROR;
				CLANG_WARN_EMPTY_BODY = YES;
				CLANG_WARN_ENUM_CONVERSION = YES;
				CLANG_WARN_INT_CONVERSION = YES;
				CLANG_WARN_OBJC_ROOT_CLASS = YES_ERROR;
				CLANG_WARN_UNREACHABLE_CODE = YES;
				CLANG_WARN__DUPLICATE_METHOD_MATCH = YES;
				"CODE_SIGN_IDENTITY[sdk=iphoneos*]" = "iPhone Developer";
				COPY_PHASE_STRIP = NO;
				DEBUG_INFORMATION_FORMAT = dwarf;
				ENABLE_STRICT_OBJC_MSGSEND = YES;
				ENABLE_TESTABILITY = YES;
				GCC_C_LANGUAGE_STANDARD = gnu99;
				GCC_DYNAMIC_NO_PIC = NO;
				GCC_NO_COMMON_BLOCKS = YES;
				GCC_OPTIMIZATION_LEVEL = 0;
				GCC_PREPROCESSOR_DEFINITIONS = (
					"DEBUG=1",
					"$(inherited)",
				);
				GCC_WARN_64_TO_32_BIT_CONVERSION = YES;
				GCC_WARN_ABOUT_RETURN_TYPE = YES_ERROR;
				GCC_WARN_UNDECLARED_SELECTOR = YES;
				GCC_WARN_UNINITIALIZED_AUTOS = YES_AGGRESSIVE;
				GCC_WARN_UNUSED_FUNCTION = YES;
				GCC_WARN_UNUSED_VARIABLE = YES;
				IPHONEOS_DEPLOYMENT_TARGET = 9.2;
				MTL_ENABLE_DEBUG_INFO = YES;
				ONLY_ACTIVE_ARCH = YES;
				SDKROOT = iphoneos;
				SWIFT_OPTIMIZATION_LEVEL = "-Onone";
			};
			name = Debug;
		};
		1853D50E1C8FA28B003DC288 /* Release */ = {
			isa = XCBuildConfiguration;
			buildSettings = {
				ALWAYS_SEARCH_USER_PATHS = NO;
				CLANG_CXX_LANGUAGE_STANDARD = "gnu++0x";
				CLANG_CXX_LIBRARY = "libc++";
				CLANG_ENABLE_MODULES = YES;
				CLANG_ENABLE_OBJC_ARC = YES;
				CLANG_WARN_BOOL_CONVERSION = YES;
				CLANG_WARN_CONSTANT_CONVERSION = YES;
				CLANG_WARN_DIRECT_OBJC_ISA_USAGE = YES_ERROR;
				CLANG_WARN_EMPTY_BODY = YES;
				CLANG_WARN_ENUM_CONVERSION = YES;
				CLANG_WARN_INT_CONVERSION = YES;
				CLANG_WARN_OBJC_ROOT_CLASS = YES_ERROR;
				CLANG_WARN_UNREACHABLE_CODE = YES;
				CLANG_WARN__DUPLICATE_METHOD_MATCH = YES;
				"CODE_SIGN_IDENTITY[sdk=iphoneos*]" = "iPhone Developer";
				COPY_PHASE_STRIP = NO;
				DEBUG_INFORMATION_FORMAT = "dwarf-with-dsym";
				ENABLE_NS_ASSERTIONS = NO;
				ENABLE_STRICT_OBJC_MSGSEND = YES;
				GCC_C_LANGUAGE_STANDARD = gnu99;
				GCC_NO_COMMON_BLOCKS = YES;
				GCC_WARN_64_TO_32_BIT_CONVERSION = YES;
				GCC_WARN_ABOUT_RETURN_TYPE = YES_ERROR;
				GCC_WARN_UNDECLARED_SELECTOR = YES;
				GCC_WARN_UNINITIALIZED_AUTOS = YES_AGGRESSIVE;
				GCC_WARN_UNUSED_FUNCTION = YES;
				GCC_WARN_UNUSED_VARIABLE = YES;
				IPHONEOS_DEPLOYMENT_TARGET = 9.2;
				MTL_ENABLE_DEBUG_INFO = NO;
				SDKROOT = iphoneos;
				VALIDATE_PRODUCT = YES;
			};
			name = Release;
		};
		1853D5101C8FA28B003DC288 /* Debug */ = {
			isa = XCBuildConfiguration;
			buildSettings = {
				ASSETCATALOG_COMPILER_APPICON_NAME = AppIcon;
				INFOPLIST_FILE = SwiftDesignPatternDemo/Info.plist;
				LD_RUNPATH_SEARCH_PATHS = "$(inherited) @executable_path/Frameworks";
				PRODUCT_BUNDLE_IDENTIFIER = com.xiaohuang.SwiftDesignPatternDemo;
				PRODUCT_NAME = "$(TARGET_NAME)";
			};
			name = Debug;
		};
		1853D5111C8FA28B003DC288 /* Release */ = {
			isa = XCBuildConfiguration;
			buildSettings = {
				ASSETCATALOG_COMPILER_APPICON_NAME = AppIcon;
				INFOPLIST_FILE = SwiftDesignPatternDemo/Info.plist;
				LD_RUNPATH_SEARCH_PATHS = "$(inherited) @executable_path/Frameworks";
				PRODUCT_BUNDLE_IDENTIFIER = com.xiaohuang.SwiftDesignPatternDemo;
				PRODUCT_NAME = "$(TARGET_NAME)";
			};
			name = Release;
		};
		1853D5131C8FA28B003DC288 /* Debug */ = {
			isa = XCBuildConfiguration;
			buildSettings = {
				BUNDLE_LOADER = "$(TEST_HOST)";
				INFOPLIST_FILE = SwiftDesignPatternDemoTests/Info.plist;
				LD_RUNPATH_SEARCH_PATHS = "$(inherited) @executable_path/Frameworks @loader_path/Frameworks";
				PRODUCT_BUNDLE_IDENTIFIER = com.xiaohuang.SwiftDesignPatternDemoTests;
				PRODUCT_NAME = "$(TARGET_NAME)";
				TEST_HOST = "$(BUILT_PRODUCTS_DIR)/SwiftDesignPatternDemo.app/SwiftDesignPatternDemo";
			};
			name = Debug;
		};
		1853D5141C8FA28B003DC288 /* Release */ = {
			isa = XCBuildConfiguration;
			buildSettings = {
				BUNDLE_LOADER = "$(TEST_HOST)";
				INFOPLIST_FILE = SwiftDesignPatternDemoTests/Info.plist;
				LD_RUNPATH_SEARCH_PATHS = "$(inherited) @executable_path/Frameworks @loader_path/Frameworks";
				PRODUCT_BUNDLE_IDENTIFIER = com.xiaohuang.SwiftDesignPatternDemoTests;
				PRODUCT_NAME = "$(TARGET_NAME)";
				TEST_HOST = "$(BUILT_PRODUCTS_DIR)/SwiftDesignPatternDemo.app/SwiftDesignPatternDemo";
			};
			name = Release;
		};
		1853D5161C8FA28B003DC288 /* Debug */ = {
			isa = XCBuildConfiguration;
			buildSettings = {
				INFOPLIST_FILE = SwiftDesignPatternDemoUITests/Info.plist;
				LD_RUNPATH_SEARCH_PATHS = "$(inherited) @executable_path/Frameworks @loader_path/Frameworks";
				PRODUCT_BUNDLE_IDENTIFIER = com.xiaohuang.SwiftDesignPatternDemoUITests;
				PRODUCT_NAME = "$(TARGET_NAME)";
				TEST_TARGET_NAME = SwiftDesignPatternDemo;
				USES_XCTRUNNER = YES;
			};
			name = Debug;
		};
		1853D5171C8FA28B003DC288 /* Release */ = {
			isa = XCBuildConfiguration;
			buildSettings = {
				INFOPLIST_FILE = SwiftDesignPatternDemoUITests/Info.plist;
				LD_RUNPATH_SEARCH_PATHS = "$(inherited) @executable_path/Frameworks @loader_path/Frameworks";
				PRODUCT_BUNDLE_IDENTIFIER = com.xiaohuang.SwiftDesignPatternDemoUITests;
				PRODUCT_NAME = "$(TARGET_NAME)";
				TEST_TARGET_NAME = SwiftDesignPatternDemo;
				USES_XCTRUNNER = YES;
			};
			name = Release;
		};
/* End XCBuildConfiguration section */

/* Begin XCConfigurationList section */
		1853D4E21C8FA28B003DC288 /* Build configuration list for PBXProject "SwiftDesignPatternDemo" */ = {
			isa = XCConfigurationList;
			buildConfigurations = (
				1853D50D1C8FA28B003DC288 /* Debug */,
				1853D50E1C8FA28B003DC288 /* Release */,
			);
			defaultConfigurationIsVisible = 0;
			defaultConfigurationName = Release;
		};
		1853D50F1C8FA28B003DC288 /* Build configuration list for PBXNativeTarget "SwiftDesignPatternDemo" */ = {
			isa = XCConfigurationList;
			buildConfigurations = (
				1853D5101C8FA28B003DC288 /* Debug */,
				1853D5111C8FA28B003DC288 /* Release */,
			);
			defaultConfigurationIsVisible = 0;
		};
		1853D5121C8FA28B003DC288 /* Build configuration list for PBXNativeTarget "SwiftDesignPatternDemoTests" */ = {
			isa = XCConfigurationList;
			buildConfigurations = (
				1853D5131C8FA28B003DC288 /* Debug */,
				1853D5141C8FA28B003DC288 /* Release */,
			);
			defaultConfigurationIsVisible = 0;
		};
		1853D5151C8FA28B003DC288 /* Build configuration list for PBXNativeTarget "SwiftDesignPatternDemoUITests" */ = {
			isa = XCConfigurationList;
			buildConfigurations = (
				1853D5161C8FA28B003DC288 /* Debug */,
				1853D5171C8FA28B003DC288 /* Release */,
			);
			defaultConfigurationIsVisible = 0;
		};
/* End XCConfigurationList section */
	};
	rootObject = 1853D4DF1C8FA28B003DC288 /* Project object */;
}
