// !$*UTF8*$!
{
	archiveVersion = 1;
	classes = {
	};
	objectVersion = 46;
	objects = {

/* Begin PBXBuildFile section */
		18AF00011C7BE1CF0027FF83 /* Assets.xcassets in Resources */ = {isa = PBXBuildFile; fileRef = 18AF00001C7BE1CF0027FF83 /* Assets.xcassets */; };
		18AF00041C7BE1CF0027FF83 /* LaunchScreen.storyboard in Resources */ = {isa = PBXBuildFile; fileRef = 18AF00021C7BE1CF0027FF83 /* LaunchScreen.storyboard */; };
		18AF000F1C7BE1CF0027FF83 /* XHGradientLabelTests.swift in Sources */ = {isa = PBXBuildFile; fileRef = 18AF000E1C7BE1CF0027FF83 /* XHGradientLabelTests.swift */; };
		18AF001A1C7BE1CF0027FF83 /* XHGradientLabelUITests.swift in Sources */ = {isa = PBXBuildFile; fileRef = 18AF00191C7BE1CF0027FF83 /* XHGradientLabelUITests.swift */; };
		18AF00281C7BE2000027FF83 /* XHGradientLabelView.swift in Sources */ = {isa = PBXBuildFile; fileRef = 18AF00271C7BE2000027FF83 /* XHGradientLabelView.swift */; };
		18AFFFFA1C7BE1CF0027FF83 /* AppDelegate.swift in Sources */ = {isa = PBXBuildFile; fileRef = 18AFFFF91C7BE1CF0027FF83 /* AppDelegate.swift */; };
		18AFFFFC1C7BE1CF0027FF83 /* ViewController.swift in Sources */ = {isa = PBXBuildFile; fileRef = 18AFFFFB1C7BE1CF0027FF83 /* ViewController.swift */; };
		18AFFFFF1C7BE1CF0027FF83 /* Main.storyboard in Resources */ = {isa = PBXBuildFile; fileRef = 18AFFFFD1C7BE1CF0027FF83 /* Main.storyboard */; };
/* End PBXBuildFile section */

/* Begin PBXContainerItemProxy section */
		18AF000B1C7BE1CF0027FF83 /* PBXContainerItemProxy */ = {
			isa = PBXContainerItemProxy;
			containerPortal = 18AFFFEE1C7BE1CF0027FF83 /* Project object */;
			proxyType = 1;
			remoteGlobalIDString = 18AFFFF51C7BE1CF0027FF83;
			remoteInfo = XHGradientLabel;
		};
		18AF00161C7BE1CF0027FF83 /* PBXContainerItemProxy */ = {
			isa = PBXContainerItemProxy;
			containerPortal = 18AFFFEE1C7BE1CF0027FF83 /* Project object */;
			proxyType = 1;
			remoteGlobalIDString = 18AFFFF51C7BE1CF0027FF83;
			remoteInfo = XHGradientLabel;
		};
/* End PBXContainerItemProxy section */

/* Begin PBXFileReference section */
		18AF00001C7BE1CF0027FF83 /* Assets.xcassets */ = {isa = PBXFileReference; lastKnownFileType = folder.assetcatalog; path = Assets.xcassets; sourceTree = "<group>"; };
		18AF00031C7BE1CF0027FF83 /* Base */ = {isa = PBXFileReference; lastKnownFileType = file.storyboard; name = Base; path = Base.lproj/LaunchScreen.storyboard; sourceTree = "<group>"; };
		18AF00051C7BE1CF0027FF83 /* Info.plist */ = {isa = PBXFileReference; lastKnownFileType = text.plist.xml; path = Info.plist; sourceTree = "<group>"; };
		18AF000A1C7BE1CF0027FF83 /* XHGradientLabelTests.xctest */ = {isa = PBXFileReference; explicitFileType = wrapper.cfbundle; includeInIndex = 0; path = XHGradientLabelTests.xctest; sourceTree = BUILT_PRODUCTS_DIR; };
		18AF000E1C7BE1CF0027FF83 /* XHGradientLabelTests.swift */ = {isa = PBXFileReference; lastKnownFileType = sourcecode.swift; path = XHGradientLabelTests.swift; sourceTree = "<group>"; };
		18AF00101C7BE1CF0027FF83 /* Info.plist */ = {isa = PBXFileReference; lastKnownFileType = text.plist.xml; path = Info.plist; sourceTree = "<group>"; };
		18AF00151C7BE1CF0027FF83 /* XHGradientLabelUITests.xctest */ = {isa = PBXFileReference; explicitFileType = wrapper.cfbundle; includeInIndex = 0; path = XHGradientLabelUITests.xctest; sourceTree = BUILT_PRODUCTS_DIR; };
		18AF00191C7BE1CF0027FF83 /* XHGradientLabelUITests.swift */ = {isa = PBXFileReference; lastKnownFileType = sourcecode.swift; path = XHGradientLabelUITests.swift; sourceTree = "<group>"; };
		18AF001B1C7BE1CF0027FF83 /* Info.plist */ = {isa = PBXFileReference; lastKnownFileType = text.plist.xml; path = Info.plist; sourceTree = "<group>"; };
		18AF00271C7BE2000027FF83 /* XHGradientLabelView.swift */ = {isa = PBXFileReference; fileEncoding = 4; lastKnownFileType = sourcecode.swift; path = XHGradientLabelView.swift; sourceTree = "<group>"; };
		18AFFFF61C7BE1CF0027FF83 /* XHGradientLabel.app */ = {isa = PBXFileReference; explicitFileType = wrapper.application; includeInIndex = 0; path = XHGradientLabel.app; sourceTree = BUILT_PRODUCTS_DIR; };
		18AFFFF91C7BE1CF0027FF83 /* AppDelegate.swift */ = {isa = PBXFileReference; lastKnownFileType = sourcecode.swift; path = AppDelegate.swift; sourceTree = "<group>"; };
		18AFFFFB1C7BE1CF0027FF83 /* ViewController.swift */ = {isa = PBXFileReference; lastKnownFileType = sourcecode.swift; path = ViewController.swift; sourceTree = "<group>"; };
		18AFFFFE1C7BE1CF0027FF83 /* Base */ = {isa = PBXFileReference; lastKnownFileType = file.storyboard; name = Base; path = Base.lproj/Main.storyboard; sourceTree = "<group>"; };
/* End PBXFileReference section */

/* Begin PBXFrameworksBuildPhase section */
		18AF00071C7BE1CF0027FF83 /* Frameworks */ = {
			isa = PBXFrameworksBuildPhase;
			buildActionMask = 2147483647;
			files = (
			);
			runOnlyForDeploymentPostprocessing = 0;
		};
		18AF00121C7BE1CF0027FF83 /* Frameworks */ = {
			isa = PBXFrameworksBuildPhase;
			buildActionMask = 2147483647;
			files = (
			);
			runOnlyForDeploymentPostprocessing = 0;
		};
		18AFFFF31C7BE1CF0027FF83 /* Frameworks */ = {
			isa = PBXFrameworksBuildPhase;
			buildActionMask = 2147483647;
			files = (
			);
			runOnlyForDeploymentPostprocessing = 0;
		};
/* End PBXFrameworksBuildPhase section */

/* Begin PBXGroup section */
		18AF000D1C7BE1CF0027FF83 /* XHGradientLabelTests */ = {
			isa = PBXGroup;
			children = (
				18AF000E1C7BE1CF0027FF83 /* XHGradientLabelTests.swift */,
				18AF00101C7BE1CF0027FF83 /* Info.plist */,
			);
			path = XHGradientLabelTests;
			sourceTree = "<group>";
		};
		18AF00181C7BE1CF0027FF83 /* XHGradientLabelUITests */ = {
			isa = PBXGroup;
			children = (
				18AF00191C7BE1CF0027FF83 /* XHGradientLabelUITests.swift */,
				18AF001B1C7BE1CF0027FF83 /* Info.plist */,
			);
			path = XHGradientLabelUITests;
			sourceTree = "<group>";
		};
		18AFFFED1C7BE1CF0027FF83 = {
			isa = PBXGroup;
			children = (
				18AFFFF81C7BE1CF0027FF83 /* XHGradientLabel */,
				18AF000D1C7BE1CF0027FF83 /* XHGradientLabelTests */,
				18AF00181C7BE1CF0027FF83 /* XHGradientLabelUITests */,
				18AFFFF71C7BE1CF0027FF83 /* Products */,
			);
			sourceTree = "<group>";
		};
		18AFFFF71C7BE1CF0027FF83 /* Products */ = {
			isa = PBXGroup;
			children = (
				18AFFFF61C7BE1CF0027FF83 /* XHGradientLabel.app */,
				18AF000A1C7BE1CF0027FF83 /* XHGradientLabelTests.xctest */,
				18AF00151C7BE1CF0027FF83 /* XHGradientLabelUITests.xctest */,
			);
			name = Products;
			sourceTree = "<group>";
		};
		18AFFFF81C7BE1CF0027FF83 /* XHGradientLabel */ = {
			isa = PBXGroup;
			children = (
				18AFFFF91C7BE1CF0027FF83 /* AppDelegate.swift */,
				18AFFFFB1C7BE1CF0027FF83 /* ViewController.swift */,
				18AF00271C7BE2000027FF83 /* XHGradientLabelView.swift */,
				18AFFFFD1C7BE1CF0027FF83 /* Main.storyboard */,
				18AF00001C7BE1CF0027FF83 /* Assets.xcassets */,
				18AF00021C7BE1CF0027FF83 /* LaunchScreen.storyboard */,
				18AF00051C7BE1CF0027FF83 /* Info.plist */,
			);
			path = XHGradientLabel;
			sourceTree = "<group>";
		};
/* End PBXGroup section */

/* Begin PBXNativeTarget section */
		18AF00091C7BE1CF0027FF83 /* XHGradientLabelTests */ = {
			isa = PBXNativeTarget;
			buildConfigurationList = 18AF00211C7BE1CF0027FF83 /* Build configuration list for PBXNativeTarget "XHGradientLabelTests" */;
			buildPhases = (
				18AF00061C7BE1CF0027FF83 /* Sources */,
				18AF00071C7BE1CF0027FF83 /* Frameworks */,
				18AF00081C7BE1CF0027FF83 /* Resources */,
			);
			buildRules = (
			);
			dependencies = (
				18AF000C1C7BE1CF0027FF83 /* PBXTargetDependency */,
			);
			name = XHGradientLabelTests;
			productName = XHGradientLabelTests;
			productReference = 18AF000A1C7BE1CF0027FF83 /* XHGradientLabelTests.xctest */;
			productType = "com.apple.product-type.bundle.unit-test";
		};
		18AF00141C7BE1CF0027FF83 /* XHGradientLabelUITests */ = {
			isa = PBXNativeTarget;
			buildConfigurationList = 18AF00241C7BE1CF0027FF83 /* Build configuration list for PBXNativeTarget "XHGradientLabelUITests" */;
			buildPhases = (
				18AF00111C7BE1CF0027FF83 /* Sources */,
				18AF00121C7BE1CF0027FF83 /* Frameworks */,
				18AF00131C7BE1CF0027FF83 /* Resources */,
			);
			buildRules = (
			);
			dependencies = (
				18AF00171C7BE1CF0027FF83 /* PBXTargetDependency */,
			);
			name = XHGradientLabelUITests;
			productName = XHGradientLabelUITests;
			productReference = 18AF00151C7BE1CF0027FF83 /* XHGradientLabelUITests.xctest */;
			productType = "com.apple.product-type.bundle.ui-testing";
		};
		18AFFFF51C7BE1CF0027FF83 /* XHGradientLabel */ = {
			isa = PBXNativeTarget;
			buildConfigurationList = 18AF001E1C7BE1CF0027FF83 /* Build configuration list for PBXNativeTarget "XHGradientLabel" */;
			buildPhases = (
				18AFFFF21C7BE1CF0027FF83 /* Sources */,
				18AFFFF31C7BE1CF0027FF83 /* Frameworks */,
				18AFFFF41C7BE1CF0027FF83 /* Resources */,
			);
			buildRules = (
			);
			dependencies = (
			);
			name = XHGradientLabel;
			productName = XHGradientLabel;
			productReference = 18AFFFF61C7BE1CF0027FF83 /* XHGradientLabel.app */;
			productType = "com.apple.product-type.application";
		};
/* End PBXNativeTarget section */

/* Begin PBXProject section */
		18AFFFEE1C7BE1CF0027FF83 /* Project object */ = {
			isa = PBXProject;
			attributes = {
				LastSwiftUpdateCheck = 0720;
				LastUpgradeCheck = 0720;
				ORGANIZATIONNAME = XiaoHuang;
				TargetAttributes = {
					18AF00091C7BE1CF0027FF83 = {
						CreatedOnToolsVersion = 7.2.1;
						TestTargetID = 18AFFFF51C7BE1CF0027FF83;
					};
					18AF00141C7BE1CF0027FF83 = {
						CreatedOnToolsVersion = 7.2.1;
						TestTargetID = 18AFFFF51C7BE1CF0027FF83;
					};
					18AFFFF51C7BE1CF0027FF83 = {
						CreatedOnToolsVersion = 7.2.1;
					};
				};
			};
			buildConfigurationList = 18AFFFF11C7BE1CF0027FF83 /* Build configuration list for PBXProject "XHGradientLabel" */;
			compatibilityVersion = "Xcode 3.2";
			developmentRegion = English;
			hasScannedForEncodings = 0;
			knownRegions = (
				en,
				Base,
			);
			mainGroup = 18AFFFED1C7BE1CF0027FF83;
			productRefGroup = 18AFFFF71C7BE1CF0027FF83 /* Products */;
			projectDirPath = "";
			projectRoot = "";
			targets = (
				18AFFFF51C7BE1CF0027FF83 /* XHGradientLabel */,
				18AF00091C7BE1CF0027FF83 /* XHGradientLabelTests */,
				18AF00141C7BE1CF0027FF83 /* XHGradientLabelUITests */,
			);
		};
/* End PBXProject section */

/* Begin PBXResourcesBuildPhase section */
		18AF00081C7BE1CF0027FF83 /* Resources */ = {
			isa = PBXResourcesBuildPhase;
			buildActionMask = 2147483647;
			files = (
			);
			runOnlyForDeploymentPostprocessing = 0;
		};
		18AF00131C7BE1CF0027FF83 /* Resources */ = {
			isa = PBXResourcesBuildPhase;
			buildActionMask = 2147483647;
			files = (
			);
			runOnlyForDeploymentPostprocessing = 0;
		};
		18AFFFF41C7BE1CF0027FF83 /* Resources */ = {
			isa = PBXResourcesBuildPhase;
			buildActionMask = 2147483647;
			files = (
				18AF00041C7BE1CF0027FF83 /* LaunchScreen.storyboard in Resources */,
				18AF00011C7BE1CF0027FF83 /* Assets.xcassets in Resources */,
				18AFFFFF1C7BE1CF0027FF83 /* Main.storyboard in Resources */,
			);
			runOnlyForDeploymentPostprocessing = 0;
		};
/* End PBXResourcesBuildPhase section */

/* Begin PBXSourcesBuildPhase section */
		18AF00061C7BE1CF0027FF83 /* Sources */ = {
			isa = PBXSourcesBuildPhase;
			buildActionMask = 2147483647;
			files = (
				18AF000F1C7BE1CF0027FF83 /* XHGradientLabelTests.swift in Sources */,
			);
			runOnlyForDeploymentPostprocessing = 0;
		};
		18AF00111C7BE1CF0027FF83 /* Sources */ = {
			isa = PBXSourcesBuildPhase;
			buildActionMask = 2147483647;
			files = (
				18AF001A1C7BE1CF0027FF83 /* XHGradientLabelUITests.swift in Sources */,
			);
			runOnlyForDeploymentPostprocessing = 0;
		};
		18AFFFF21C7BE1CF0027FF83 /* Sources */ = {
			isa = PBXSourcesBuildPhase;
			buildActionMask = 2147483647;
			files = (
				18AF00281C7BE2000027FF83 /* XHGradientLabelView.swift in Sources */,
				18AFFFFC1C7BE1CF0027FF83 /* ViewController.swift in Sources */,
				18AFFFFA1C7BE1CF0027FF83 /* AppDelegate.swift in Sources */,
			);
			runOnlyForDeploymentPostprocessing = 0;
		};
/* End PBXSourcesBuildPhase section */

/* Begin PBXTargetDependency section */
		18AF000C1C7BE1CF0027FF83 /* PBXTargetDependency */ = {
			isa = PBXTargetDependency;
			target = 18AFFFF51C7BE1CF0027FF83 /* XHGradientLabel */;
			targetProxy = 18AF000B1C7BE1CF0027FF83 /* PBXContainerItemProxy */;
		};
		18AF00171C7BE1CF0027FF83 /* PBXTargetDependency */ = {
			isa = PBXTargetDependency;
			target = 18AFFFF51C7BE1CF0027FF83 /* XHGradientLabel */;
			targetProxy = 18AF00161C7BE1CF0027FF83 /* PBXContainerItemProxy */;
		};
/* End PBXTargetDependency section */

/* Begin PBXVariantGroup section */
		18AF00021C7BE1CF0027FF83 /* LaunchScreen.storyboard */ = {
			isa = PBXVariantGroup;
			children = (
				18AF00031C7BE1CF0027FF83 /* Base */,
			);
			name = LaunchScreen.storyboard;
			sourceTree = "<group>";
		};
		18AFFFFD1C7BE1CF0027FF83 /* Main.storyboard */ = {
			isa = PBXVariantGroup;
			children = (
				18AFFFFE1C7BE1CF0027FF83 /* Base */,
			);
			name = Main.storyboard;
			sourceTree = "<group>";
		};
/* End PBXVariantGroup section */

/* Begin XCBuildConfiguration section */
		18AF001C1C7BE1CF0027FF83 /* Debug */ = {
			isa = XCBuildConfiguration;
			buildSettings = {
				ALWAYS_SEARCH_USER_PATHS = NO;
				CLANG_CXX_LANGUAGE_STANDARD = "gnu++0x";
				CLANG_CXX_LIBRARY = "libc++";
				CLANG_ENABLE_MODULES = YES;
				CLANG_ENABLE_OBJC_ARC = YES;
				CLANG_WARN_BOOL_CONVERSION = YES;
				CLANG_WARN_CONSTANT_CONVERSION = YES;
				CLANG_WARN_DIRECT_OBJC_ISA_USAGE = YES_ERROR;
				CLANG_WARN_EMPTY_BODY = YES;
				CLANG_WARN_ENUM_CONVERSION = YES;
				CLANG_WARN_INT_CONVERSION = YES;
				CLANG_WARN_OBJC_ROOT_CLASS = YES_ERROR;
				CLANG_WARN_UNREACHABLE_CODE = YES;
				CLANG_WARN__DUPLICATE_METHOD_MATCH = YES;
				"CODE_SIGN_IDENTITY[sdk=iphoneos*]" = "iPhone Developer";
				COPY_PHASE_STRIP = NO;
				DEBUG_INFORMATION_FORMAT = dwarf;
				ENABLE_STRICT_OBJC_MSGSEND = YES;
				ENABLE_TESTABILITY = YES;
				GCC_C_LANGUAGE_STANDARD = gnu99;
				GCC_DYNAMIC_NO_PIC = NO;
				GCC_NO_COMMON_BLOCKS = YES;
				GCC_OPTIMIZATION_LEVEL = 0;
				GCC_PREPROCESSOR_DEFINITIONS = (
					"DEBUG=1",
					"$(inherited)",
				);
				GCC_WARN_64_TO_32_BIT_CONVERSION = YES;
				GCC_WARN_ABOUT_RETURN_TYPE = YES_ERROR;
				GCC_WARN_UNDECLARED_SELECTOR = YES;
				GCC_WARN_UNINITIALIZED_AUTOS = YES_AGGRESSIVE;
				GCC_WARN_UNUSED_FUNCTION = YES;
				GCC_WARN_UNUSED_VARIABLE = YES;
				IPHONEOS_DEPLOYMENT_TARGET = 9.2;
				MTL_ENABLE_DEBUG_INFO = YES;
				ONLY_ACTIVE_ARCH = YES;
				SDKROOT = iphoneos;
				SWIFT_OPTIMIZATION_LEVEL = "-Onone";
			};
			name = Debug;
		};
		18AF001D1C7BE1CF0027FF83 /* Release */ = {
			isa = XCBuildConfiguration;
			buildSettings = {
				ALWAYS_SEARCH_USER_PATHS = NO;
				CLANG_CXX_LANGUAGE_STANDARD = "gnu++0x";
				CLANG_CXX_LIBRARY = "libc++";
				CLANG_ENABLE_MODULES = YES;
				CLANG_ENABLE_OBJC_ARC = YES;
				CLANG_WARN_BOOL_CONVERSION = YES;
				CLANG_WARN_CONSTANT_CONVERSION = YES;
				CLANG_WARN_DIRECT_OBJC_ISA_USAGE = YES_ERROR;
				CLANG_WARN_EMPTY_BODY = YES;
				CLANG_WARN_ENUM_CONVERSION = YES;
				CLANG_WARN_INT_CONVERSION = YES;
				CLANG_WARN_OBJC_ROOT_CLASS = YES_ERROR;
				CLANG_WARN_UNREACHABLE_CODE = YES;
				CLANG_WARN__DUPLICATE_METHOD_MATCH = YES;
				"CODE_SIGN_IDENTITY[sdk=iphoneos*]" = "iPhone Developer";
				COPY_PHASE_STRIP = NO;
				DEBUG_INFORMATION_FORMAT = "dwarf-with-dsym";
				ENABLE_NS_ASSERTIONS = NO;
				ENABLE_STRICT_OBJC_MSGSEND = YES;
				GCC_C_LANGUAGE_STANDARD = gnu99;
				GCC_NO_COMMON_BLOCKS = YES;
				GCC_WARN_64_TO_32_BIT_CONVERSION = YES;
				GCC_WARN_ABOUT_RETURN_TYPE = YES_ERROR;
				GCC_WARN_UNDECLARED_SELECTOR = YES;
				GCC_WARN_UNINITIALIZED_AUTOS = YES_AGGRESSIVE;
				GCC_WARN_UNUSED_FUNCTION = YES;
				GCC_WARN_UNUSED_VARIABLE = YES;
				IPHONEOS_DEPLOYMENT_TARGET = 9.2;
				MTL_ENABLE_DEBUG_INFO = NO;
				SDKROOT = iphoneos;
				VALIDATE_PRODUCT = YES;
			};
			name = Release;
		};
		18AF001F1C7BE1CF0027FF83 /* Debug */ = {
			isa = XCBuildConfiguration;
			buildSettings = {
				ASSETCATALOG_COMPILER_APPICON_NAME = AppIcon;
				INFOPLIST_FILE = XHGradientLabel/Info.plist;
				LD_RUNPATH_SEARCH_PATHS = "$(inherited) @executable_path/Frameworks";
				PRODUCT_BUNDLE_IDENTIFIER = com.xiaohuang.XHGradientLabel;
				PRODUCT_NAME = "$(TARGET_NAME)";
			};
			name = Debug;
		};
		18AF00201C7BE1CF0027FF83 /* Release */ = {
			isa = XCBuildConfiguration;
			buildSettings = {
				ASSETCATALOG_COMPILER_APPICON_NAME = AppIcon;
				INFOPLIST_FILE = XHGradientLabel/Info.plist;
				LD_RUNPATH_SEARCH_PATHS = "$(inherited) @executable_path/Frameworks";
				PRODUCT_BUNDLE_IDENTIFIER = com.xiaohuang.XHGradientLabel;
				PRODUCT_NAME = "$(TARGET_NAME)";
			};
			name = Release;
		};
		18AF00221C7BE1CF0027FF83 /* Debug */ = {
			isa = XCBuildConfiguration;
			buildSettings = {
				BUNDLE_LOADER = "$(TEST_HOST)";
				INFOPLIST_FILE = XHGradientLabelTests/Info.plist;
				LD_RUNPATH_SEARCH_PATHS = "$(inherited) @executable_path/Frameworks @loader_path/Frameworks";
				PRODUCT_BUNDLE_IDENTIFIER = com.xiaohuang.XHGradientLabelTests;
				PRODUCT_NAME = "$(TARGET_NAME)";
				TEST_HOST = "$(BUILT_PRODUCTS_DIR)/XHGradientLabel.app/XHGradientLabel";
			};
			name = Debug;
		};
		18AF00231C7BE1CF0027FF83 /* Release */ = {
			isa = XCBuildConfiguration;
			buildSettings = {
				BUNDLE_LOADER = "$(TEST_HOST)";
				INFOPLIST_FILE = XHGradientLabelTests/Info.plist;
				LD_RUNPATH_SEARCH_PATHS = "$(inherited) @executable_path/Frameworks @loader_path/Frameworks";
				PRODUCT_BUNDLE_IDENTIFIER = com.xiaohuang.XHGradientLabelTests;
				PRODUCT_NAME = "$(TARGET_NAME)";
				TEST_HOST = "$(BUILT_PRODUCTS_DIR)/XHGradientLabel.app/XHGradientLabel";
			};
			name = Release;
		};
		18AF00251C7BE1CF0027FF83 /* Debug */ = {
			isa = XCBuildConfiguration;
			buildSettings = {
				INFOPLIST_FILE = XHGradientLabelUITests/Info.plist;
				LD_RUNPATH_SEARCH_PATHS = "$(inherited) @executable_path/Frameworks @loader_path/Frameworks";
				PRODUCT_BUNDLE_IDENTIFIER = com.xiaohuang.XHGradientLabelUITests;
				PRODUCT_NAME = "$(TARGET_NAME)";
				TEST_TARGET_NAME = XHGradientLabel;
				USES_XCTRUNNER = YES;
			};
			name = Debug;
		};
		18AF00261C7BE1CF0027FF83 /* Release */ = {
			isa = XCBuildConfiguration;
			buildSettings = {
				INFOPLIST_FILE = XHGradientLabelUITests/Info.plist;
				LD_RUNPATH_SEARCH_PATHS = "$(inherited) @executable_path/Frameworks @loader_path/Frameworks";
				PRODUCT_BUNDLE_IDENTIFIER = com.xiaohuang.XHGradientLabelUITests;
				PRODUCT_NAME = "$(TARGET_NAME)";
				TEST_TARGET_NAME = XHGradientLabel;
				USES_XCTRUNNER = YES;
			};
			name = Release;
		};
/* End XCBuildConfiguration section */

/* Begin XCConfigurationList section */
		18AF001E1C7BE1CF0027FF83 /* Build configuration list for PBXNativeTarget "XHGradientLabel" */ = {
			isa = XCConfigurationList;
			buildConfigurations = (
				18AF001F1C7BE1CF0027FF83 /* Debug */,
				18AF00201C7BE1CF0027FF83 /* Release */,
			);
			defaultConfigurationIsVisible = 0;
		};
		18AF00211C7BE1CF0027FF83 /* Build configuration list for PBXNativeTarget "XHGradientLabelTests" */ = {
			isa = XCConfigurationList;
			buildConfigurations = (
				18AF00221C7BE1CF0027FF83 /* Debug */,
				18AF00231C7BE1CF0027FF83 /* Release */,
			);
			defaultConfigurationIsVisible = 0;
		};
		18AF00241C7BE1CF0027FF83 /* Build configuration list for PBXNativeTarget "XHGradientLabelUITests" */ = {
			isa = XCConfigurationList;
			buildConfigurations = (
				18AF00251C7BE1CF0027FF83 /* Debug */,
				18AF00261C7BE1CF0027FF83 /* Release */,
			);
			defaultConfigurationIsVisible = 0;
		};
		18AFFFF11C7BE1CF0027FF83 /* Build configuration list for PBXProject "XHGradientLabel" */ = {
			isa = XCConfigurationList;
			buildConfigurations = (
				18AF001C1C7BE1CF0027FF83 /* Debug */,
				18AF001D1C7BE1CF0027FF83 /* Release */,
			);
			defaultConfigurationIsVisible = 0;
			defaultConfigurationName = Release;
		};
/* End XCConfigurationList section */
	};
	rootObject = 18AFFFEE1C7BE1CF0027FF83 /* Project object */;
}
